
Microsoft Visual Studio Solution File, Format Version 12.00
# Visual Studio Version 17
VisualStudioVersion = 17.7.34221.43
MinimumVisualStudioVersion = 10.0.40219.1
Project("{FAE04EC0-301F-11D3-BF4B-00C04F79EFBC}") = "BCSH2_BDAS2_SemPrace", "BCSH2-BDAS2-SemPrace\BCSH2_BDAS2_SemPrace.csproj", "{5072561A-DDFC-45CF-B80D-1106DFBEAE49}"
EndProject
Global
	GlobalSection(SolutionConfigurationPlatforms) = preSolution
		Debug|Any CPU = Debug|Any CPU
		Release|Any CPU = Release|Any CPU
	EndGlobalSection
	GlobalSection(ProjectConfigurationPlatforms) = postSolution
		{5072561A-DDFC-45CF-B80D-1106DFBEAE49}.Debug|Any CPU.ActiveCfg = Debug|Any CPU
		{5072561A-DDFC-45CF-B80D-1106DFBEAE49}.Debug|Any CPU.Build.0 = Debug|Any CPU
		{5072561A-DDFC-45CF-B80D-1106DFBEAE49}.Release|Any CPU.ActiveCfg = Release|Any CPU
		{5072561A-DDFC-45CF-B80D-1106DFBEAE49}.Release|Any CPU.Build.0 = Release|Any CPU
	EndGlobalSection
	GlobalSection(SolutionProperties) = preSolution
		HideSolutionNode = FALSE
	EndGlobalSection
	GlobalSection(ExtensibilityGlobals) = postSolution
		SolutionGuid = {75287830-8945-48B3-8111-D33FD485FFF5}
	EndGlobalSection
EndGlobal
